// !$*UTF8*$!
{
	archiveVersion = 1;
	classes = {
	};
	objectVersion = 50;
	objects = {

/* Begin PBXBuildFile section */
		281AF5CB251F906200417BF8 /* AppDelegate.swift in Sources */ = {isa = PBXBuildFile; fileRef = 281AF5CA251F906200417BF8 /* AppDelegate.swift */; };
		281AF5CD251F906200417BF8 /* SceneDelegate.swift in Sources */ = {isa = PBXBuildFile; fileRef = 281AF5CC251F906200417BF8 /* SceneDelegate.swift */; };
		281AF5CF251F906200417BF8 /* ViewController.swift in Sources */ = {isa = PBXBuildFile; fileRef = 281AF5CE251F906200417BF8 /* ViewController.swift */; };
		281AF5D2251F906200417BF8 /* Main.storyboard in Resources */ = {isa = PBXBuildFile; fileRef = 281AF5D0251F906200417BF8 /* Main.storyboard */; };
		281AF5D5251F906200417BF8 /* TheWeatherForecast.xcdatamodeld in Sources */ = {isa = PBXBuildFile; fileRef = 281AF5D3251F906200417BF8 /* TheWeatherForecast.xcdatamodeld */; };
		281AF5D7251F906400417BF8 /* Assets.xcassets in Resources */ = {isa = PBXBuildFile; fileRef = 281AF5D6251F906400417BF8 /* Assets.xcassets */; };
		281AF5DA251F906400417BF8 /* LaunchScreen.storyboard in Resources */ = {isa = PBXBuildFile; fileRef = 281AF5D8251F906400417BF8 /* LaunchScreen.storyboard */; };
/* End PBXBuildFile section */

/* Begin PBXFileReference section */
		281AF5C7251F906200417BF8 /* TheWeatherForecast.app */ = {isa = PBXFileReference; explicitFileType = wrapper.application; includeInIndex = 0; path = TheWeatherForecast.app; sourceTree = BUILT_PRODUCTS_DIR; };
		281AF5CA251F906200417BF8 /* AppDelegate.swift */ = {isa = PBXFileReference; lastKnownFileType = sourcecode.swift; path = AppDelegate.swift; sourceTree = "<group>"; };
		281AF5CC251F906200417BF8 /* SceneDelegate.swift */ = {isa = PBXFileReference; lastKnownFileType = sourcecode.swift; path = SceneDelegate.swift; sourceTree = "<group>"; };
		281AF5CE251F906200417BF8 /* ViewController.swift */ = {isa = PBXFileReference; lastKnownFileType = sourcecode.swift; path = ViewController.swift; sourceTree = "<group>"; };
		281AF5D1251F906200417BF8 /* Base */ = {isa = PBXFileReference; lastKnownFileType = file.storyboard; name = Base; path = Base.lproj/Main.storyboard; sourceTree = "<group>"; };
		281AF5D4251F906200417BF8 /* TheWeatherForecast.xcdatamodel */ = {isa = PBXFileReference; lastKnownFileType = wrapper.xcdatamodel; path = TheWeatherForecast.xcdatamodel; sourceTree = "<group>"; };
		281AF5D6251F906400417BF8 /* Assets.xcassets */ = {isa = PBXFileReference; lastKnownFileType = folder.assetcatalog; path = Assets.xcassets; sourceTree = "<group>"; };
		281AF5D9251F906400417BF8 /* Base */ = {isa = PBXFileReference; lastKnownFileType = file.storyboard; name = Base; path = Base.lproj/LaunchScreen.storyboard; sourceTree = "<group>"; };
		281AF5DB251F906400417BF8 /* Info.plist */ = {isa = PBXFileReference; lastKnownFileType = text.plist.xml; path = Info.plist; sourceTree = "<group>"; };
/* End PBXFileReference section */

/* Begin PBXFrameworksBuildPhase section */
		281AF5C4251F906200417BF8 /* Frameworks */ = {
			isa = PBXFrameworksBuildPhase;
			buildActionMask = 2147483647;
			files = (
			);
			runOnlyForDeploymentPostprocessing = 0;
		};
/* End PBXFrameworksBuildPhase section */

/* Begin PBXGroup section */
		281AF5BE251F906200417BF8 = {
			isa = PBXGroup;
			children = (
				281AF5C9251F906200417BF8 /* TheWeatherForecast */,
				281AF5C8251F906200417BF8 /* Products */,
			);
			sourceTree = "<group>";
		};
		281AF5C8251F906200417BF8 /* Products */ = {
			isa = PBXGroup;
			children = (
				281AF5C7251F906200417BF8 /* TheWeatherForecast.app */,
			);
			name = Products;
			sourceTree = "<group>";
		};
		281AF5C9251F906200417BF8 /* TheWeatherForecast */ = {
			isa = PBXGroup;
			children = (
				281AF5CA251F906200417BF8 /* AppDelegate.swift */,
				281AF5CC251F906200417BF8 /* SceneDelegate.swift */,
				281AF5CE251F906200417BF8 /* ViewController.swift */,
				281AF5D0251F906200417BF8 /* Main.storyboard */,
				281AF5D6251F906400417BF8 /* Assets.xcassets */,
				281AF5D8251F906400417BF8 /* LaunchScreen.storyboard */,
				281AF5DB251F906400417BF8 /* Info.plist */,
				281AF5D3251F906200417BF8 /* TheWeatherForecast.xcdatamodeld */,
			);
			path = TheWeatherForecast;
			sourceTree = "<group>";
		};
/* End PBXGroup section */

/* Begin PBXNativeTarget section */
		281AF5C6251F906200417BF8 /* TheWeatherForecast */ = {
			isa = PBXNativeTarget;
			buildConfigurationList = 281AF5DE251F906400417BF8 /* Build configuration list for PBXNativeTarget "TheWeatherForecast" */;
			buildPhases = (
				281AF5C3251F906200417BF8 /* Sources */,
				281AF5C4251F906200417BF8 /* Frameworks */,
				281AF5C5251F906200417BF8 /* Resources */,
			);
			buildRules = (
			);
			dependencies = (
			);
			name = TheWeatherForecast;
			productName = TheWeatherForecast;
			productReference = 281AF5C7251F906200417BF8 /* TheWeatherForecast.app */;
			productType = "com.apple.product-type.application";
		};
/* End PBXNativeTarget section */

/* Begin PBXProject section */
		281AF5BF251F906200417BF8 /* Project object */ = {
			isa = PBXProject;
			attributes = {
				LastSwiftUpdateCheck = 1200;
				LastUpgradeCheck = 1200;
				TargetAttributes = {
					281AF5C6251F906200417BF8 = {
						CreatedOnToolsVersion = 12.0.1;
					};
				};
			};
			buildConfigurationList = 281AF5C2251F906200417BF8 /* Build configuration list for PBXProject "TheWeatherForecast" */;
			compatibilityVersion = "Xcode 9.3";
			developmentRegion = en;
			hasScannedForEncodings = 0;
			knownRegions = (
				en,
				Base,
			);
			mainGroup = 281AF5BE251F906200417BF8;
			productRefGroup = 281AF5C8251F906200417BF8 /* Products */;
			projectDirPath = "";
			projectRoot = "";
			targets = (
				281AF5C6251F906200417BF8 /* TheWeatherForecast */,
			);
		};
/* End PBXProject section */

/* Begin PBXResourcesBuildPhase section */
		281AF5C5251F906200417BF8 /* Resources */ = {
			isa = PBXResourcesBuildPhase;
			buildActionMask = 2147483647;
			files = (
				281AF5DA251F906400417BF8 /* LaunchScreen.storyboard in Resources */,
				281AF5D7251F906400417BF8 /* Assets.xcassets in Resources */,
				281AF5D2251F906200417BF8 /* Main.storyboard in Resources */,
			);
			runOnlyForDeploymentPostprocessing = 0;
		};
/* End PBXResourcesBuildPhase section */

/* Begin PBXSourcesBuildPhase section */
		281AF5C3251F906200417BF8 /* Sources */ = {
			isa = PBXSourcesBuildPhase;
			buildActionMask = 2147483647;
			files = (
				281AF5CF251F906200417BF8 /* ViewController.swift in Sources */,
				281AF5CB251F906200417BF8 /* AppDelegate.swift in Sources */,
				281AF5CD251F906200417BF8 /* SceneDelegate.swift in Sources */,
				281AF5D5251F906200417BF8 /* TheWeatherForecast.xcdatamodeld in Sources */,
			);
			runOnlyForDeploymentPostprocessing = 0;
		};
/* End PBXSourcesBuildPhase section */

/* Begin PBXVariantGroup section */
		281AF5D0251F906200417BF8 /* Main.storyboard */ = {
			isa = PBXVariantGroup;
			children = (
				281AF5D1251F906200417BF8 /* Base */,
			);
			name = Main.storyboard;
			sourceTree = "<group>";
		};
		281AF5D8251F906400417BF8 /* LaunchScreen.storyboard */ = {
			isa = PBXVariantGroup;
			children = (
				281AF5D9251F906400417BF8 /* Base */,
			);
			name = LaunchScreen.storyboard;
			sourceTree = "<group>";
		};
/* End PBXVariantGroup section */

/* Begin XCBuildConfiguration section */
		281AF5DC251F906400417BF8 /* Debug */ = {
			isa = XCBuildConfiguration;
			buildSettings = {
				ALWAYS_SEARCH_USER_PATHS = NO;
				CLANG_ANALYZER_NONNULL = YES;
				CLANG_ANALYZER_NUMBER_OBJECT_CONVERSION = YES_AGGRESSIVE;
				CLANG_CXX_LANGUAGE_STANDARD = "gnu++14";
				CLANG_CXX_LIBRARY = "libc++";
				CLANG_ENABLE_MODULES = YES;
				CLANG_ENABLE_OBJC_ARC = YES;
				CLANG_ENABLE_OBJC_WEAK = YES;
				CLANG_WARN_BLOCK_CAPTURE_AUTORELEASING = YES;
				CLANG_WARN_BOOL_CONVERSION = YES;
				CLANG_WARN_COMMA = YES;
				CLANG_WARN_CONSTANT_CONVERSION = YES;
				CLANG_WARN_DEPRECATED_OBJC_IMPLEMENTATIONS = YES;
				CLANG_WARN_DIRECT_OBJC_ISA_USAGE = YES_ERROR;
				CLANG_WARN_DOCUMENTATION_COMMENTS = YES;
				CLANG_WARN_EMPTY_BODY = YES;
				CLANG_WARN_ENUM_CONVERSION = YES;
				CLANG_WARN_INFINITE_RECURSION = YES;
				CLANG_WARN_INT_CONVERSION = YES;
				CLANG_WARN_NON_LITERAL_NULL_CONVERSION = YES;
				CLANG_WARN_OBJC_IMPLICIT_RETAIN_SELF = YES;
				CLANG_WARN_OBJC_LITERAL_CONVERSION = YES;
				CLANG_WARN_OBJC_ROOT_CLASS = YES_ERROR;
				CLANG_WARN_QUOTED_INCLUDE_IN_FRAMEWORK_HEADER = YES;
				CLANG_WARN_RANGE_LOOP_ANALYSIS = YES;
				CLANG_WARN_STRICT_PROTOTYPES = YES;
				CLANG_WARN_SUSPICIOUS_MOVE = YES;
				CLANG_WARN_UNGUARDED_AVAILABILITY = YES_AGGRESSIVE;
				CLANG_WARN_UNREACHABLE_CODE = YES;
				CLANG_WARN__DUPLICATE_METHOD_MATCH = YES;
				COPY_PHASE_STRIP = NO;
				DEBUG_INFORMATION_FORMAT = dwarf;
				ENABLE_STRICT_OBJC_MSGSEND = YES;
				ENABLE_TESTABILITY = YES;
				GCC_C_LANGUAGE_STANDARD = gnu11;
				GCC_DYNAMIC_NO_PIC = NO;
				GCC_NO_COMMON_BLOCKS = YES;
				GCC_OPTIMIZATION_LEVEL = 0;
				GCC_PREPROCESSOR_DEFINITIONS = (
					"DEBUG=1",
					"$(inherited)",
				);
				GCC_WARN_64_TO_32_BIT_CONVERSION = YES;
				GCC_WARN_ABOUT_RETURN_TYPE = YES_ERROR;
				GCC_WARN_UNDECLARED_SELECTOR = YES;
				GCC_WARN_UNINITIALIZED_AUTOS = YES_AGGRESSIVE;
				GCC_WARN_UNUSED_FUNCTION = YES;
				GCC_WARN_UNUSED_VARIABLE = YES;
				IPHONEOS_DEPLOYMENT_TARGET = 14.0;
				MTL_ENABLE_DEBUG_INFO = INCLUDE_SOURCE;
				MTL_FAST_MATH = YES;
				ONLY_ACTIVE_ARCH = YES;
				SDKROOT = iphoneos;
				SWIFT_ACTIVE_COMPILATION_CONDITIONS = DEBUG;
				SWIFT_OPTIMIZATION_LEVEL = "-Onone";
			};
			name = Debug;
		};
		281AF5DD251F906400417BF8 /* Release */ = {
			isa = XCBuildConfiguration;
			buildSettings = {
				ALWAYS_SEARCH_USER_PATHS = NO;
				CLANG_ANALYZER_NONNULL = YES;
				CLANG_ANALYZER_NUMBER_OBJECT_CONVERSION = YES_AGGRESSIVE;
				CLANG_CXX_LANGUAGE_STANDARD = "gnu++14";
				CLANG_CXX_LIBRARY = "libc++";
				CLANG_ENABLE_MODULES = YES;
				CLANG_ENABLE_OBJC_ARC = YES;
				CLANG_ENABLE_OBJC_WEAK = YES;
				CLANG_WARN_BLOCK_CAPTURE_AUTORELEASING = YES;
				CLANG_WARN_BOOL_CONVERSION = YES;
				CLANG_WARN_COMMA = YES;
				CLANG_WARN_CONSTANT_CONVERSION = YES;
				CLANG_WARN_DEPRECATED_OBJC_IMPLEMENTATIONS = YES;
				CLANG_WARN_DIRECT_OBJC_ISA_USAGE = YES_ERROR;
				CLANG_WARN_DOCUMENTATION_COMMENTS = YES;
				CLANG_WARN_EMPTY_BODY = YES;
				CLANG_WARN_ENUM_CONVERSION = YES;
				CLANG_WARN_INFINITE_RECURSION = YES;
				CLANG_WARN_INT_CONVERSION = YES;
				CLANG_WARN_NON_LITERAL_NULL_CONVERSION = YES;
				CLANG_WARN_OBJC_IMPLICIT_RETAIN_SELF = YES;
				CLANG_WARN_OBJC_LITERAL_CONVERSION = YES;
				CLANG_WARN_OBJC_ROOT_CLASS = YES_ERROR;
				CLANG_WARN_QUOTED_INCLUDE_IN_FRAMEWORK_HEADER = YES;
				CLANG_WARN_RANGE_LOOP_ANALYSIS = YES;
				CLANG_WARN_STRICT_PROTOTYPES = YES;
				CLANG_WARN_SUSPICIOUS_MOVE = YES;
				CLANG_WARN_UNGUARDED_AVAILABILITY = YES_AGGRESSIVE;
				CLANG_WARN_UNREACHABLE_CODE = YES;
				CLANG_WARN__DUPLICATE_METHOD_MATCH = YES;
				COPY_PHASE_STRIP = NO;
				DEBUG_INFORMATION_FORMAT = "dwarf-with-dsym";
				ENABLE_NS_ASSERTIONS = NO;
				ENABLE_STRICT_OBJC_MSGSEND = YES;
				GCC_C_LANGUAGE_STANDARD = gnu11;
				GCC_NO_COMMON_BLOCKS = YES;
				GCC_WARN_64_TO_32_BIT_CONVERSION = YES;
				GCC_WARN_ABOUT_RETURN_TYPE = YES_ERROR;
				GCC_WARN_UNDECLARED_SELECTOR = YES;
				GCC_WARN_UNINITIALIZED_AUTOS = YES_AGGRESSIVE;
				GCC_WARN_UNUSED_FUNCTION = YES;
				GCC_WARN_UNUSED_VARIABLE = YES;
				IPHONEOS_DEPLOYMENT_TARGET = 14.0;
				MTL_ENABLE_DEBUG_INFO = NO;
				MTL_FAST_MATH = YES;
				SDKROOT = iphoneos;
				SWIFT_COMPILATION_MODE = wholemodule;
				SWIFT_OPTIMIZATION_LEVEL = "-O";
				VALIDATE_PRODUCT = YES;
			};
			name = Release;
		};
		281AF5DF251F906400417BF8 /* Debug */ = {
			isa = XCBuildConfiguration;
			buildSettings = {
				ASSETCATALOG_COMPILER_APPICON_NAME = AppIcon;
				ASSETCATALOG_COMPILER_GLOBAL_ACCENT_COLOR_NAME = AccentColor;
				CODE_SIGN_STYLE = Automatic;
				DEVELOPMENT_TEAM = 7BCZLG5BLR;
				INFOPLIST_FILE = TheWeatherForecast/Info.plist;
				LD_RUNPATH_SEARCH_PATHS = (
					"$(inherited)",
					"@executable_path/Frameworks",
				);
				PRODUCT_BUNDLE_IDENTIFIER = Ilyas.TheWeatherForecast;
				PRODUCT_NAME = "$(TARGET_NAME)";
				SWIFT_VERSION = 5.0;
				TARGETED_DEVICE_FAMILY = "1,2";
			};
			name = Debug;
		};
		281AF5E0251F906400417BF8 /* Release */ = {
			isa = XCBuildConfiguration;
			buildSettings = {
				ASSETCATALOG_COMPILER_APPICON_NAME = AppIcon;
				ASSETCATALOG_COMPILER_GLOBAL_ACCENT_COLOR_NAME = AccentColor;
				CODE_SIGN_STYLE = Automatic;
				DEVELOPMENT_TEAM = 7BCZLG5BLR;
				INFOPLIST_FILE = TheWeatherForecast/Info.plist;
				LD_RUNPATH_SEARCH_PATHS = (
					"$(inherited)",
					"@executable_path/Frameworks",
				);
				PRODUCT_BUNDLE_IDENTIFIER = Ilyas.TheWeatherForecast;
				PRODUCT_NAME = "$(TARGET_NAME)";
				SWIFT_VERSION = 5.0;
				TARGETED_DEVICE_FAMILY = "1,2";
			};
			name = Release;
		};
/* End XCBuildConfiguration section */

/* Begin XCConfigurationList section */
		281AF5C2251F906200417BF8 /* Build configuration list for PBXProject "TheWeatherForecast" */ = {
			isa = XCConfigurationList;
			buildConfigurations = (
				281AF5DC251F906400417BF8 /* Debug */,
				281AF5DD251F906400417BF8 /* Release */,
			);
			defaultConfigurationIsVisible = 0;
			defaultConfigurationName = Release;
		};
		281AF5DE251F906400417BF8 /* Build configuration list for PBXNativeTarget "TheWeatherForecast" */ = {
			isa = XCConfigurationList;
			buildConfigurations = (
				281AF5DF251F906400417BF8 /* Debug */,
				281AF5E0251F906400417BF8 /* Release */,
			);
			defaultConfigurationIsVisible = 0;
			defaultConfigurationName = Release;
		};
/* End XCConfigurationList section */

/* Begin XCVersionGroup section */
		281AF5D3251F906200417BF8 /* TheWeatherForecast.xcdatamodeld */ = {
			isa = XCVersionGroup;
			children = (
				281AF5D4251F906200417BF8 /* TheWeatherForecast.xcdatamodel */,
			);
			currentVersion = 281AF5D4251F906200417BF8 /* TheWeatherForecast.xcdatamodel */;
			path = TheWeatherForecast.xcdatamodeld;
			sourceTree = "<group>";
			versionGroupType = wrapper.xcdatamodel;
		};
/* End XCVersionGroup section */
	};
	rootObject = 281AF5BF251F906200417BF8 /* Project object */;
}
